
Microsoft Visual Studio Solution File, Format Version 12.00
# Visual Studio 15
VisualStudioVersion = 15.0.27703.2035
MinimumVisualStudioVersion = 10.0.40219.1
Project("{FAE04EC0-301F-11D3-BF4B-00C04F79EFBC}") = "Carubbi.Mainframe", "Carubbi.Mainframe\Carubbi.Mainframe.csproj", "{EFCD1E46-37AB-4B29-B82F-5F09B6EEB450}"
EndProject
Project("{FAE04EC0-301F-11D3-BF4B-00C04F79EFBC}") = "Carubbi.ObjectXMFDisplay", "Carubbi.ObjectXMFDisplay\Carubbi.ObjectXMFDisplay.csproj", "{2ADBCB9B-4F7F-42A1-B6A9-F6D990BEB051}"
EndProject
Global
	GlobalSection(SolutionConfigurationPlatforms) = preSolution
		Debug|Any CPU = Debug|Any CPU
		Release|Any CPU = Release|Any CPU
	EndGlobalSection
	GlobalSection(ProjectConfigurationPlatforms) = postSolution
		{EFCD1E46-37AB-4B29-B82F-5F09B6EEB450}.Debug|Any CPU.ActiveCfg = Debug|Any CPU
		{EFCD1E46-37AB-4B29-B82F-5F09B6EEB450}.Debug|Any CPU.Build.0 = Debug|Any CPU
		{EFCD1E46-37AB-4B29-B82F-5F09B6EEB450}.Release|Any CPU.ActiveCfg = Release|Any CPU
		{EFCD1E46-37AB-4B29-B82F-5F09B6EEB450}.Release|Any CPU.Build.0 = Release|Any CPU
		{2ADBCB9B-4F7F-42A1-B6A9-F6D990BEB051}.Debug|Any CPU.ActiveCfg = Debug|Any CPU
		{2ADBCB9B-4F7F-42A1-B6A9-F6D990BEB051}.Debug|Any CPU.Build.0 = Debug|Any CPU
		{2ADBCB9B-4F7F-42A1-B6A9-F6D990BEB051}.Release|Any CPU.ActiveCfg = Release|Any CPU
		{2ADBCB9B-4F7F-42A1-B6A9-F6D990BEB051}.Release|Any CPU.Build.0 = Release|Any CPU
	EndGlobalSection
	GlobalSection(SolutionProperties) = preSolution
		HideSolutionNode = FALSE
	EndGlobalSection
	GlobalSection(ExtensibilityGlobals) = postSolution
		SolutionGuid = {57893865-ADF6-4F8F-B295-3B9FFD9B8527}
	EndGlobalSection
EndGlobal
